// !$*UTF8*$!
{
	archiveVersion = 1;
	classes = {
	};
	objectVersion = 46;
	objects = {

/* Begin PBXBuildFile section */
		2CF34C7C20674721D07E3D5D /* Pods_Dancers.framework in Frameworks */ = {isa = PBXBuildFile; fileRef = 6547501EA546471C7C911F42 /* Pods_Dancers.framework */; };
		DA1E33861E195BF400BAD751 /* Utils.swift in Sources */ = {isa = PBXBuildFile; fileRef = DA1E33851E195BF400BAD751 /* Utils.swift */; };
		DA29061C1E19356C007AFF65 /* Constants.swift in Sources */ = {isa = PBXBuildFile; fileRef = DA29061B1E19356C007AFF65 /* Constants.swift */; };
		DA29061E1E193578007AFF65 /* APIConstants.swift in Sources */ = {isa = PBXBuildFile; fileRef = DA29061D1E193578007AFF65 /* APIConstants.swift */; };
		DA2906201E195257007AFF65 /* User.swift in Sources */ = {isa = PBXBuildFile; fileRef = DA29061F1E195257007AFF65 /* User.swift */; };
		DA365CB61E1A1E6900321C12 /* LeftSideMenuViewController.swift in Sources */ = {isa = PBXBuildFile; fileRef = DA365CB51E1A1E6900321C12 /* LeftSideMenuViewController.swift */; };
		DA365CB81E1A1FDE00321C12 /* RightSideMenuViewController.swift in Sources */ = {isa = PBXBuildFile; fileRef = DA365CB71E1A1FDE00321C12 /* RightSideMenuViewController.swift */; };
		DA365CBA1E1A268100321C12 /* ExSideMenuController.swift in Sources */ = {isa = PBXBuildFile; fileRef = DA365CB91E1A268100321C12 /* ExSideMenuController.swift */; };
		DA365CBC1E1A26D800321C12 /* SideMenuController.swift in Sources */ = {isa = PBXBuildFile; fileRef = DA365CBB1E1A26D800321C12 /* SideMenuController.swift */; };
		DA365CBE1E1A286E00321C12 /* UIApplication.swift in Sources */ = {isa = PBXBuildFile; fileRef = DA365CBD1E1A286E00321C12 /* UIApplication.swift */; };
		DA44259B1E16C1F4005DA551 /* AppDelegate.swift in Sources */ = {isa = PBXBuildFile; fileRef = DA44259A1E16C1F4005DA551 /* AppDelegate.swift */; };
		DA44259D1E16C1F4005DA551 /* ViewController.swift in Sources */ = {isa = PBXBuildFile; fileRef = DA44259C1E16C1F4005DA551 /* ViewController.swift */; };
		DA4425A01E16C1F4005DA551 /* Main.storyboard in Resources */ = {isa = PBXBuildFile; fileRef = DA44259E1E16C1F4005DA551 /* Main.storyboard */; };
		DA4425A21E16C1F4005DA551 /* Assets.xcassets in Resources */ = {isa = PBXBuildFile; fileRef = DA4425A11E16C1F4005DA551 /* Assets.xcassets */; };
		DA4425A51E16C1F4005DA551 /* LaunchScreen.storyboard in Resources */ = {isa = PBXBuildFile; fileRef = DA4425A31E16C1F4005DA551 /* LaunchScreen.storyboard */; };
		DADD7A701E17929A00C0D2A6 /* Enums.swift in Sources */ = {isa = PBXBuildFile; fileRef = DADD7A6F1E17929A00C0D2A6 /* Enums.swift */; };
		DADD7A741E17AD7C00C0D2A6 /* SegmentedControlCell.swift in Sources */ = {isa = PBXBuildFile; fileRef = DADD7A731E17AD7C00C0D2A6 /* SegmentedControlCell.swift */; };
		DADD7A761E17ADDF00C0D2A6 /* VideoListCell.swift in Sources */ = {isa = PBXBuildFile; fileRef = DADD7A751E17ADDF00C0D2A6 /* VideoListCell.swift */; };
		DADD7A7D1E1926B700C0D2A6 /* RealmModel.swift in Sources */ = {isa = PBXBuildFile; fileRef = DADD7A7C1E1926B700C0D2A6 /* RealmModel.swift */; };
/* End PBXBuildFile section */

/* Begin PBXFileReference section */
		5AE2613E54BC00301842F2D3 /* Pods-Dancers.debug.xcconfig */ = {isa = PBXFileReference; includeInIndex = 1; lastKnownFileType = text.xcconfig; name = "Pods-Dancers.debug.xcconfig"; path = "Pods/Target Support Files/Pods-Dancers/Pods-Dancers.debug.xcconfig"; sourceTree = "<group>"; };
		6547501EA546471C7C911F42 /* Pods_Dancers.framework */ = {isa = PBXFileReference; explicitFileType = wrapper.framework; includeInIndex = 0; path = Pods_Dancers.framework; sourceTree = BUILT_PRODUCTS_DIR; };
		DA1E33851E195BF400BAD751 /* Utils.swift */ = {isa = PBXFileReference; fileEncoding = 4; lastKnownFileType = sourcecode.swift; path = Utils.swift; sourceTree = "<group>"; };
		DA29061B1E19356C007AFF65 /* Constants.swift */ = {isa = PBXFileReference; fileEncoding = 4; lastKnownFileType = sourcecode.swift; path = Constants.swift; sourceTree = "<group>"; };
		DA29061D1E193578007AFF65 /* APIConstants.swift */ = {isa = PBXFileReference; fileEncoding = 4; lastKnownFileType = sourcecode.swift; path = APIConstants.swift; sourceTree = "<group>"; };
		DA29061F1E195257007AFF65 /* User.swift */ = {isa = PBXFileReference; fileEncoding = 4; lastKnownFileType = sourcecode.swift; path = User.swift; sourceTree = "<group>"; };
		DA365CB51E1A1E6900321C12 /* LeftSideMenuViewController.swift */ = {isa = PBXFileReference; fileEncoding = 4; lastKnownFileType = sourcecode.swift; path = LeftSideMenuViewController.swift; sourceTree = "<group>"; };
		DA365CB71E1A1FDE00321C12 /* RightSideMenuViewController.swift */ = {isa = PBXFileReference; fileEncoding = 4; lastKnownFileType = sourcecode.swift; path = RightSideMenuViewController.swift; sourceTree = "<group>"; };
		DA365CB91E1A268100321C12 /* ExSideMenuController.swift */ = {isa = PBXFileReference; fileEncoding = 4; lastKnownFileType = sourcecode.swift; path = ExSideMenuController.swift; sourceTree = "<group>"; };
		DA365CBB1E1A26D800321C12 /* SideMenuController.swift */ = {isa = PBXFileReference; fileEncoding = 4; lastKnownFileType = sourcecode.swift; path = SideMenuController.swift; sourceTree = "<group>"; };
		DA365CBD1E1A286E00321C12 /* UIApplication.swift */ = {isa = PBXFileReference; fileEncoding = 4; lastKnownFileType = sourcecode.swift; path = UIApplication.swift; sourceTree = "<group>"; };
		DA4425971E16C1F4005DA551 /* Dancers.app */ = {isa = PBXFileReference; explicitFileType = wrapper.application; includeInIndex = 0; path = Dancers.app; sourceTree = BUILT_PRODUCTS_DIR; };
		DA44259A1E16C1F4005DA551 /* AppDelegate.swift */ = {isa = PBXFileReference; lastKnownFileType = sourcecode.swift; path = AppDelegate.swift; sourceTree = "<group>"; };
		DA44259C1E16C1F4005DA551 /* ViewController.swift */ = {isa = PBXFileReference; lastKnownFileType = sourcecode.swift; path = ViewController.swift; sourceTree = "<group>"; };
		DA44259F1E16C1F4005DA551 /* Base */ = {isa = PBXFileReference; lastKnownFileType = file.storyboard; name = Base; path = Base.lproj/Main.storyboard; sourceTree = "<group>"; };
		DA4425A11E16C1F4005DA551 /* Assets.xcassets */ = {isa = PBXFileReference; lastKnownFileType = folder.assetcatalog; path = Assets.xcassets; sourceTree = "<group>"; };
		DA4425A41E16C1F4005DA551 /* Base */ = {isa = PBXFileReference; lastKnownFileType = file.storyboard; name = Base; path = Base.lproj/LaunchScreen.storyboard; sourceTree = "<group>"; };
		DA4425A61E16C1F4005DA551 /* Info.plist */ = {isa = PBXFileReference; lastKnownFileType = text.plist.xml; path = Info.plist; sourceTree = "<group>"; };
		DADD7A6F1E17929A00C0D2A6 /* Enums.swift */ = {isa = PBXFileReference; fileEncoding = 4; lastKnownFileType = sourcecode.swift; path = Enums.swift; sourceTree = "<group>"; };
		DADD7A731E17AD7C00C0D2A6 /* SegmentedControlCell.swift */ = {isa = PBXFileReference; fileEncoding = 4; lastKnownFileType = sourcecode.swift; path = SegmentedControlCell.swift; sourceTree = "<group>"; };
		DADD7A751E17ADDF00C0D2A6 /* VideoListCell.swift */ = {isa = PBXFileReference; fileEncoding = 4; lastKnownFileType = sourcecode.swift; path = VideoListCell.swift; sourceTree = "<group>"; };
		DADD7A7C1E1926B700C0D2A6 /* RealmModel.swift */ = {isa = PBXFileReference; fileEncoding = 4; lastKnownFileType = sourcecode.swift; path = RealmModel.swift; sourceTree = "<group>"; };
		E5F273F6070AB8D1F900B075 /* Pods-Dancers.release.xcconfig */ = {isa = PBXFileReference; includeInIndex = 1; lastKnownFileType = text.xcconfig; name = "Pods-Dancers.release.xcconfig"; path = "Pods/Target Support Files/Pods-Dancers/Pods-Dancers.release.xcconfig"; sourceTree = "<group>"; };
/* End PBXFileReference section */

/* Begin PBXFrameworksBuildPhase section */
		DA4425941E16C1F4005DA551 /* Frameworks */ = {
			isa = PBXFrameworksBuildPhase;
			buildActionMask = 2147483647;
			files = (
				2CF34C7C20674721D07E3D5D /* Pods_Dancers.framework in Frameworks */,
			);
			runOnlyForDeploymentPostprocessing = 0;
		};
/* End PBXFrameworksBuildPhase section */

/* Begin PBXGroup section */
		216559B5712EB0B85B701A92 /* Pods */ = {
			isa = PBXGroup;
			children = (
				5AE2613E54BC00301842F2D3 /* Pods-Dancers.debug.xcconfig */,
				E5F273F6070AB8D1F900B075 /* Pods-Dancers.release.xcconfig */,
			);
			name = Pods;
			sourceTree = "<group>";
		};
		CE4CB867DF36EAA8CF6E6CE2 /* Frameworks */ = {
			isa = PBXGroup;
			children = (
				6547501EA546471C7C911F42 /* Pods_Dancers.framework */,
			);
			name = Frameworks;
			sourceTree = "<group>";
		};
		DA44258E1E16C1F4005DA551 = {
			isa = PBXGroup;
			children = (
				DA4425991E16C1F4005DA551 /* Dancers */,
				DA4425981E16C1F4005DA551 /* Products */,
				216559B5712EB0B85B701A92 /* Pods */,
				CE4CB867DF36EAA8CF6E6CE2 /* Frameworks */,
			);
			sourceTree = "<group>";
		};
		DA4425981E16C1F4005DA551 /* Products */ = {
			isa = PBXGroup;
			children = (
				DA4425971E16C1F4005DA551 /* Dancers.app */,
			);
			name = Products;
			sourceTree = "<group>";
		};
		DA4425991E16C1F4005DA551 /* Dancers */ = {
			isa = PBXGroup;
			children = (
				DA44259E1E16C1F4005DA551 /* Main.storyboard */,
				DADD7A791E19264E00C0D2A6 /* Common */,
				DA44259C1E16C1F4005DA551 /* ViewController.swift */,
				DA365CB51E1A1E6900321C12 /* LeftSideMenuViewController.swift */,
				DADD7A7A1E19266200C0D2A6 /* Cell */,
				DADD7A7B1E19267300C0D2A6 /* Model */,
				DA4425A11E16C1F4005DA551 /* Assets.xcassets */,
				DA4425A31E16C1F4005DA551 /* LaunchScreen.storyboard */,
				DA4425A61E16C1F4005DA551 /* Info.plist */,
				DA365CB71E1A1FDE00321C12 /* RightSideMenuViewController.swift */,
				DA365CB91E1A268100321C12 /* ExSideMenuController.swift */,
				DA365CBB1E1A26D800321C12 /* SideMenuController.swift */,
				DA365CBD1E1A286E00321C12 /* UIApplication.swift */,
			);
			path = Dancers;
			sourceTree = "<group>";
		};
		DADD7A791E19264E00C0D2A6 /* Common */ = {
			isa = PBXGroup;
			children = (
				DA44259A1E16C1F4005DA551 /* AppDelegate.swift */,
				DADD7A6F1E17929A00C0D2A6 /* Enums.swift */,
				DA29061B1E19356C007AFF65 /* Constants.swift */,
				DA29061D1E193578007AFF65 /* APIConstants.swift */,
				DA1E33851E195BF400BAD751 /* Utils.swift */,
			);
			name = Common;
			sourceTree = "<group>";
		};
		DADD7A7A1E19266200C0D2A6 /* Cell */ = {
			isa = PBXGroup;
			children = (
				DADD7A731E17AD7C00C0D2A6 /* SegmentedControlCell.swift */,
				DADD7A751E17ADDF00C0D2A6 /* VideoListCell.swift */,
			);
			name = Cell;
			sourceTree = "<group>";
		};
		DADD7A7B1E19267300C0D2A6 /* Model */ = {
			isa = PBXGroup;
			children = (
				DADD7A7C1E1926B700C0D2A6 /* RealmModel.swift */,
				DA29061F1E195257007AFF65 /* User.swift */,
			);
			name = Model;
			sourceTree = "<group>";
		};
/* End PBXGroup section */

/* Begin PBXNativeTarget section */
		DA4425961E16C1F4005DA551 /* Dancers */ = {
			isa = PBXNativeTarget;
			buildConfigurationList = DA4425A91E16C1F4005DA551 /* Build configuration list for PBXNativeTarget "Dancers" */;
			buildPhases = (
				1394007D6815B69DF3178C62 /* [CP] Check Pods Manifest.lock */,
				DA4425931E16C1F4005DA551 /* Sources */,
				DA4425941E16C1F4005DA551 /* Frameworks */,
				DA4425951E16C1F4005DA551 /* Resources */,
				3B94128454B46910F432D91B /* [CP] Embed Pods Frameworks */,
				7472D5C2299EA97675F4A9F5 /* [CP] Copy Pods Resources */,
			);
			buildRules = (
			);
			dependencies = (
			);
			name = Dancers;
			productName = Dancers;
			productReference = DA4425971E16C1F4005DA551 /* Dancers.app */;
			productType = "com.apple.product-type.application";
		};
/* End PBXNativeTarget section */

/* Begin PBXProject section */
		DA44258F1E16C1F4005DA551 /* Project object */ = {
			isa = PBXProject;
			attributes = {
				LastSwiftUpdateCheck = 0820;
				LastUpgradeCheck = 0820;
				ORGANIZATIONNAME = "Yuri Tayama";
				TargetAttributes = {
					DA4425961E16C1F4005DA551 = {
						CreatedOnToolsVersion = 8.2.1;
						DevelopmentTeam = E6657QAX73;
						ProvisioningStyle = Automatic;
					};
				};
			};
			buildConfigurationList = DA4425921E16C1F4005DA551 /* Build configuration list for PBXProject "Dancers" */;
			compatibilityVersion = "Xcode 3.2";
			developmentRegion = English;
			hasScannedForEncodings = 0;
			knownRegions = (
				en,
				Base,
			);
			mainGroup = DA44258E1E16C1F4005DA551;
			productRefGroup = DA4425981E16C1F4005DA551 /* Products */;
			projectDirPath = "";
			projectRoot = "";
			targets = (
				DA4425961E16C1F4005DA551 /* Dancers */,
			);
		};
/* End PBXProject section */

/* Begin PBXResourcesBuildPhase section */
		DA4425951E16C1F4005DA551 /* Resources */ = {
			isa = PBXResourcesBuildPhase;
			buildActionMask = 2147483647;
			files = (
				DA4425A51E16C1F4005DA551 /* LaunchScreen.storyboard in Resources */,
				DA4425A21E16C1F4005DA551 /* Assets.xcassets in Resources */,
				DA4425A01E16C1F4005DA551 /* Main.storyboard in Resources */,
			);
			runOnlyForDeploymentPostprocessing = 0;
		};
/* End PBXResourcesBuildPhase section */

/* Begin PBXShellScriptBuildPhase section */
		1394007D6815B69DF3178C62 /* [CP] Check Pods Manifest.lock */ = {
			isa = PBXShellScriptBuildPhase;
			buildActionMask = 2147483647;
			files = (
			);
			inputPaths = (
			);
			name = "[CP] Check Pods Manifest.lock";
			outputPaths = (
			);
			runOnlyForDeploymentPostprocessing = 0;
			shellPath = /bin/sh;
			shellScript = "diff \"${PODS_ROOT}/../Podfile.lock\" \"${PODS_ROOT}/Manifest.lock\" > /dev/null\nif [ $? != 0 ] ; then\n    # print error to STDERR\n    echo \"error: The sandbox is not in sync with the Podfile.lock. Run 'pod install' or update your CocoaPods installation.\" >&2\n    exit 1\nfi\n";
			showEnvVarsInLog = 0;
		};
		3B94128454B46910F432D91B /* [CP] Embed Pods Frameworks */ = {
			isa = PBXShellScriptBuildPhase;
			buildActionMask = 2147483647;
			files = (
			);
			inputPaths = (
			);
			name = "[CP] Embed Pods Frameworks";
			outputPaths = (
			);
			runOnlyForDeploymentPostprocessing = 0;
			shellPath = /bin/sh;
			shellScript = "\"${SRCROOT}/Pods/Target Support Files/Pods-Dancers/Pods-Dancers-frameworks.sh\"\n";
			showEnvVarsInLog = 0;
		};
		7472D5C2299EA97675F4A9F5 /* [CP] Copy Pods Resources */ = {
			isa = PBXShellScriptBuildPhase;
			buildActionMask = 2147483647;
			files = (
			);
			inputPaths = (
			);
			name = "[CP] Copy Pods Resources";
			outputPaths = (
			);
			runOnlyForDeploymentPostprocessing = 0;
			shellPath = /bin/sh;
			shellScript = "\"${SRCROOT}/Pods/Target Support Files/Pods-Dancers/Pods-Dancers-resources.sh\"\n";
			showEnvVarsInLog = 0;
		};
/* End PBXShellScriptBuildPhase section */

/* Begin PBXSourcesBuildPhase section */
		DA4425931E16C1F4005DA551 /* Sources */ = {
			isa = PBXSourcesBuildPhase;
			buildActionMask = 2147483647;
			files = (
				DA2906201E195257007AFF65 /* User.swift in Sources */,
				DA365CB81E1A1FDE00321C12 /* RightSideMenuViewController.swift in Sources */,
				DA44259D1E16C1F4005DA551 /* ViewController.swift in Sources */,
				DA365CBE1E1A286E00321C12 /* UIApplication.swift in Sources */,
				DADD7A741E17AD7C00C0D2A6 /* SegmentedControlCell.swift in Sources */,
				DADD7A701E17929A00C0D2A6 /* Enums.swift in Sources */,
				DADD7A7D1E1926B700C0D2A6 /* RealmModel.swift in Sources */,
				DA1E33861E195BF400BAD751 /* Utils.swift in Sources */,
				DA29061E1E193578007AFF65 /* APIConstants.swift in Sources */,
				DA29061C1E19356C007AFF65 /* Constants.swift in Sources */,
				DA44259B1E16C1F4005DA551 /* AppDelegate.swift in Sources */,
				DA365CB61E1A1E6900321C12 /* LeftSideMenuViewController.swift in Sources */,
				DA365CBC1E1A26D800321C12 /* SideMenuController.swift in Sources */,
				DA365CBA1E1A268100321C12 /* ExSideMenuController.swift in Sources */,
				DADD7A761E17ADDF00C0D2A6 /* VideoListCell.swift in Sources */,
			);
			runOnlyForDeploymentPostprocessing = 0;
		};
/* End PBXSourcesBuildPhase section */

/* Begin PBXVariantGroup section */
		DA44259E1E16C1F4005DA551 /* Main.storyboard */ = {
			isa = PBXVariantGroup;
			children = (
				DA44259F1E16C1F4005DA551 /* Base */,
			);
			name = Main.storyboard;
			sourceTree = "<group>";
		};
		DA4425A31E16C1F4005DA551 /* LaunchScreen.storyboard */ = {
			isa = PBXVariantGroup;
			children = (
				DA4425A41E16C1F4005DA551 /* Base */,
			);
			name = LaunchScreen.storyboard;
			sourceTree = "<group>";
		};
/* End PBXVariantGroup section */

/* Begin XCBuildConfiguration section */
		DA4425A71E16C1F4005DA551 /* Debug */ = {
			isa = XCBuildConfiguration;
			buildSettings = {
				ALWAYS_SEARCH_USER_PATHS = NO;
				CLANG_ANALYZER_NONNULL = YES;
				CLANG_CXX_LANGUAGE_STANDARD = "gnu++0x";
				CLANG_CXX_LIBRARY = "libc++";
				CLANG_ENABLE_MODULES = YES;
				CLANG_ENABLE_OBJC_ARC = YES;
				CLANG_WARN_BOOL_CONVERSION = YES;
				CLANG_WARN_CONSTANT_CONVERSION = YES;
				CLANG_WARN_DIRECT_OBJC_ISA_USAGE = YES_ERROR;
				CLANG_WARN_DOCUMENTATION_COMMENTS = YES;
				CLANG_WARN_EMPTY_BODY = YES;
				CLANG_WARN_ENUM_CONVERSION = YES;
				CLANG_WARN_INFINITE_RECURSION = YES;
				CLANG_WARN_INT_CONVERSION = YES;
				CLANG_WARN_OBJC_ROOT_CLASS = YES_ERROR;
				CLANG_WARN_SUSPICIOUS_MOVE = YES;
				CLANG_WARN_UNREACHABLE_CODE = YES;
				CLANG_WARN__DUPLICATE_METHOD_MATCH = YES;
				"CODE_SIGN_IDENTITY[sdk=iphoneos*]" = "iPhone Developer";
				COPY_PHASE_STRIP = NO;
				DEBUG_INFORMATION_FORMAT = dwarf;
				ENABLE_STRICT_OBJC_MSGSEND = YES;
				ENABLE_TESTABILITY = YES;
				GCC_C_LANGUAGE_STANDARD = gnu99;
				GCC_DYNAMIC_NO_PIC = NO;
				GCC_NO_COMMON_BLOCKS = YES;
				GCC_OPTIMIZATION_LEVEL = 0;
				GCC_PREPROCESSOR_DEFINITIONS = (
					"DEBUG=1",
					"$(inherited)",
				);
				GCC_WARN_64_TO_32_BIT_CONVERSION = YES;
				GCC_WARN_ABOUT_RETURN_TYPE = YES_ERROR;
				GCC_WARN_UNDECLARED_SELECTOR = YES;
				GCC_WARN_UNINITIALIZED_AUTOS = YES_AGGRESSIVE;
				GCC_WARN_UNUSED_FUNCTION = YES;
				GCC_WARN_UNUSED_VARIABLE = YES;
				IPHONEOS_DEPLOYMENT_TARGET = 10.2;
				MTL_ENABLE_DEBUG_INFO = YES;
				ONLY_ACTIVE_ARCH = YES;
				SDKROOT = iphoneos;
				SWIFT_ACTIVE_COMPILATION_CONDITIONS = DEBUG;
				SWIFT_OPTIMIZATION_LEVEL = "-Onone";
			};
			name = Debug;
		};
		DA4425A81E16C1F4005DA551 /* Release */ = {
			isa = XCBuildConfiguration;
			buildSettings = {
				ALWAYS_SEARCH_USER_PATHS = NO;
				CLANG_ANALYZER_NONNULL = YES;
				CLANG_CXX_LANGUAGE_STANDARD = "gnu++0x";
				CLANG_CXX_LIBRARY = "libc++";
				CLANG_ENABLE_MODULES = YES;
				CLANG_ENABLE_OBJC_ARC = YES;
				CLANG_WARN_BOOL_CONVERSION = YES;
				CLANG_WARN_CONSTANT_CONVERSION = YES;
				CLANG_WARN_DIRECT_OBJC_ISA_USAGE = YES_ERROR;
				CLANG_WARN_DOCUMENTATION_COMMENTS = YES;
				CLANG_WARN_EMPTY_BODY = YES;
				CLANG_WARN_ENUM_CONVERSION = YES;
				CLANG_WARN_INFINITE_RECURSION = YES;
				CLANG_WARN_INT_CONVERSION = YES;
				CLANG_WARN_OBJC_ROOT_CLASS = YES_ERROR;
				CLANG_WARN_SUSPICIOUS_MOVE = YES;
				CLANG_WARN_UNREACHABLE_CODE = YES;
				CLANG_WARN__DUPLICATE_METHOD_MATCH = YES;
				"CODE_SIGN_IDENTITY[sdk=iphoneos*]" = "iPhone Developer";
				COPY_PHASE_STRIP = NO;
				DEBUG_INFORMATION_FORMAT = "dwarf-with-dsym";
				ENABLE_NS_ASSERTIONS = NO;
				ENABLE_STRICT_OBJC_MSGSEND = YES;
				GCC_C_LANGUAGE_STANDARD = gnu99;
				GCC_NO_COMMON_BLOCKS = YES;
				GCC_WARN_64_TO_32_BIT_CONVERSION = YES;
				GCC_WARN_ABOUT_RETURN_TYPE = YES_ERROR;
				GCC_WARN_UNDECLARED_SELECTOR = YES;
				GCC_WARN_UNINITIALIZED_AUTOS = YES_AGGRESSIVE;
				GCC_WARN_UNUSED_FUNCTION = YES;
				GCC_WARN_UNUSED_VARIABLE = YES;
				IPHONEOS_DEPLOYMENT_TARGET = 10.2;
				MTL_ENABLE_DEBUG_INFO = NO;
				SDKROOT = iphoneos;
				SWIFT_OPTIMIZATION_LEVEL = "-Owholemodule";
				VALIDATE_PRODUCT = YES;
			};
			name = Release;
		};
		DA4425AA1E16C1F4005DA551 /* Debug */ = {
			isa = XCBuildConfiguration;
			baseConfigurationReference = 5AE2613E54BC00301842F2D3 /* Pods-Dancers.debug.xcconfig */;
			buildSettings = {
				ASSETCATALOG_COMPILER_APPICON_NAME = AppIcon;
				DEVELOPMENT_TEAM = E6657QAX73;
				INFOPLIST_FILE = Dancers/Info.plist;
				LD_RUNPATH_SEARCH_PATHS = "$(inherited) @executable_path/Frameworks";
				PRODUCT_BUNDLE_IDENTIFIER = jp.co.yuri.a..Dancers;
				PRODUCT_NAME = "$(TARGET_NAME)";
				SWIFT_VERSION = 3.0;
			};
			name = Debug;
		};
		DA4425AB1E16C1F4005DA551 /* Release */ = {
			isa = XCBuildConfiguration;
			baseConfigurationReference = E5F273F6070AB8D1F900B075 /* Pods-Dancers.release.xcconfig */;
			buildSettings = {
				ASSETCATALOG_COMPILER_APPICON_NAME = AppIcon;
				DEVELOPMENT_TEAM = E6657QAX73;
				INFOPLIST_FILE = Dancers/Info.plist;
				LD_RUNPATH_SEARCH_PATHS = "$(inherited) @executable_path/Frameworks";
				PRODUCT_BUNDLE_IDENTIFIER = jp.co.yuri.a..Dancers;
				PRODUCT_NAME = "$(TARGET_NAME)";
				SWIFT_VERSION = 3.0;
			};
			name = Release;
		};
/* End XCBuildConfiguration section */

/* Begin XCConfigurationList section */
		DA4425921E16C1F4005DA551 /* Build configuration list for PBXProject "Dancers" */ = {
			isa = XCConfigurationList;
			buildConfigurations = (
				DA4425A71E16C1F4005DA551 /* Debug */,
				DA4425A81E16C1F4005DA551 /* Release */,
			);
			defaultConfigurationIsVisible = 0;
			defaultConfigurationName = Release;
		};
		DA4425A91E16C1F4005DA551 /* Build configuration list for PBXNativeTarget "Dancers" */ = {
			isa = XCConfigurationList;
			buildConfigurations = (
				DA4425AA1E16C1F4005DA551 /* Debug */,
				DA4425AB1E16C1F4005DA551 /* Release */,
			);
			defaultConfigurationIsVisible = 0;
			defaultConfigurationName = Release;
		};
/* End XCConfigurationList section */
	};
	rootObject = DA44258F1E16C1F4005DA551 /* Project object */;
}
